{
    "name": "llm-api",
    "version": "1.0.0",
    "lockfileVersion": 3,
    "requires": true,
    "packages": {
        "": {
            "name": "llm-api",
            "version": "1.0.0",
            "dependencies": {
                "@vercel/postgres": "^0.5.1"
            }
        },
        "node_modules/@neondatabase/serverless": {
            "version": "0.6.0",
            "resolved": "https://artifactory.devops.xiaohongshu.com/artifactory/api/npm/npm-public/@neondatabase/serverless/-/serverless-0.6.0.tgz",
            "integrity": "sha512-qXxBRYN0m2v8kVQBfMxbzNGn2xFAhTXFibzQlE++NfJ56Shz3m7+MyBBtXDlEH+3Wfa6lToDXf1MElocY4sJ3w==",
            "dependencies": {
                "@types/pg": "8.6.6"
            }
        },
        "node_modules/@types/node": {
            "version": "24.10.1",
            "resolved": "https://artifactory.devops.xiaohongshu.com/artifactory/api/npm/npm-public/@types/node/-/node-24.10.1.tgz",
            "integrity": "sha512-GNWcUTRBgIRJD5zj+Tq0fKOJ5XZajIiBroOF0yvj2bSU1WvNdYS/dn9UxwsujGW4JX06dnHyjV2y9rRaybH0iQ==",
            "dependencies": {
                "undici-types": "~7.16.0"
            }
        },
        "node_modules/@types/pg": {
            "version": "8.6.6",
            "resolved": "https://artifactory.devops.xiaohongshu.com/artifactory/api/npm/npm-public/@types/pg/download/@types/pg-8.6.6.tgz",
            "integrity": "sha1-Ic34c6PjRabnjzlGd+OzsbVDy4A=",
            "dependencies": {
                "@types/node": "*",
                "pg-protocol": "*",
                "pg-types": "^2.2.0"
            }
        },
        "node_modules/@vercel/postgres": {
            "version": "0.5.1",
            "resolved": "https://artifactory.devops.xiaohongshu.com/artifactory/api/npm/npm-public/@vercel/postgres/-/postgres-0.5.1.tgz",
            "integrity": "sha512-JKl8QOBIDnifhkxAhIKtY0A5Tb8oWBf2nzZhm0OH7Ffjsl0hGVnDL2w1/FCfpX8xna3JAWM034NGuhZfTFdmiw==",
            "dependencies": {
                "@neondatabase/serverless": "0.6.0",
                "bufferutil": "4.0.8",
                "utf-8-validate": "6.0.3",
                "ws": "8.14.2"
            },
            "engines": {
                "node": ">=14.6"
            }
        },
        "node_modules/bufferutil": {
            "version": "4.0.8",
            "resolved": "https://artifactory.devops.xiaohongshu.com/artifactory/api/npm/npm-public/bufferutil/-/bufferutil-4.0.8.tgz",
            "integrity": "sha512-4T53u4PdgsXqKaIctwF8ifXlRTTmEPJ8iEPWFdGZvcf7sbwYo6FKFEX9eNNAnzFZ7EzJAQ3CJeOtCRA4rDp7Pw==",
            "hasInstallScript": true,
            "dependencies": {
                "node-gyp-build": "^4.3.0"
            },
            "engines": {
                "node": ">=6.14.2"
            }
        },
        "node_modules/node-gyp-build": {
            "version": "4.8.4",
            "resolved": "https://artifactory.devops.xiaohongshu.com/artifactory/api/npm/npm-public/node-gyp-build/-/node-gyp-build-4.8.4.tgz",
            "integrity": "sha512-LA4ZjwlnUblHVgq0oBF3Jl/6h/Nvs5fzBLwdEF4nuxnFdsfajde4WfxtJr3CaiH+F6ewcIB/q4jQ4UzPyid+CQ==",
            "bin": {
                "node-gyp-build": "bin.js",
                "node-gyp-build-optional": "optional.js",
                "node-gyp-build-test": "build-test.js"
            }
        },
        "node_modules/pg-int8": {
            "version": "1.0.1",
            "resolved": "https://artifactory.devops.xiaohongshu.com/artifactory/api/npm/npm-public/pg-int8/download/pg-int8-1.0.1.tgz",
            "integrity": "sha1-lDvUY79bcbQXARX4D478mgwOt4w=",
            "engines": {
                "node": ">=4.0.0"
            }
        },
        "node_modules/pg-protocol": {
            "version": "1.10.3",
            "resolved": "https://artifactory.devops.xiaohongshu.com/artifactory/api/npm/npm-public/pg-protocol/-/pg-protocol-1.10.3.tgz",
            "integrity": "sha512-6DIBgBQaTKDJyxnXaLiLR8wBpQQcGWuAESkRBX/t6OwA8YsqP+iVSiond2EDy6Y/dsGk8rh/jtax3js5NeV7JQ=="
        },
        "node_modules/pg-types": {
            "version": "2.2.0",
            "resolved": "https://artifactory.devops.xiaohongshu.com/artifactory/api/npm/npm-public/pg-types/download/pg-types-2.2.0.tgz",
            "integrity": "sha1-LQJQ1jZFT3z6O2rgOC/fqAYyVKM=",
            "dependencies": {
                "pg-int8": "1.0.1",
                "postgres-array": "~2.0.0",
                "postgres-bytea": "~1.0.0",
                "postgres-date": "~1.0.4",
                "postgres-interval": "^1.1.0"
            },
            "engines": {
                "node": ">=4"
            }
        },
        "node_modules/postgres-array": {
            "version": "2.0.0",
            "resolved": "https://artifactory.devops.xiaohongshu.com/artifactory/api/npm/npm-public/postgres-array/download/postgres-array-2.0.0.tgz",
            "integrity": "sha1-SPj84FT7xpZxmZMpuINLdyZS2C4=",
            "engines": {
                "node": ">=4"
            }
        },
        "node_modules/postgres-bytea": {
            "version": "1.0.0",
            "resolved": "https://artifactory.devops.xiaohongshu.com/artifactory/api/npm/npm-public/postgres-bytea/download/postgres-bytea-1.0.0.tgz",
            "integrity": "sha1-AntTPAqokOJtFy1Hz5zOzFIazTU=",
            "engines": {
                "node": ">=0.10.0"
            }
        },
        "node_modules/postgres-date": {
            "version": "1.0.7",
            "resolved": "https://artifactory.devops.xiaohongshu.com/artifactory/api/npm/npm-public/postgres-date/download/postgres-date-1.0.7.tgz",
            "integrity": "sha1-UbwIYAYAXlBhxZHO5yfyUxv2Qag=",
            "engines": {
                "node": ">=0.10.0"
            }
        },
        "node_modules/postgres-interval": {
            "version": "1.2.0",
            "resolved": "https://artifactory.devops.xiaohongshu.com/artifactory/api/npm/npm-public/postgres-interval/download/postgres-interval-1.2.0.tgz",
            "integrity": "sha1-tGDILLFYdQd4iBmgaqD//bNURpU=",
            "dependencies": {
                "xtend": "^4.0.0"
            },
            "engines": {
                "node": ">=0.10.0"
            }
        },
        "node_modules/undici-types": {
            "version": "7.16.0",
            "resolved": "https://artifactory.devops.xiaohongshu.com/artifactory/api/npm/npm-public/undici-types/-/undici-types-7.16.0.tgz",
            "integrity": "sha512-Zz+aZWSj8LE6zoxD+xrjh4VfkIG8Ya6LvYkZqtUQGJPZjYl53ypCaUwWqo7eI0x66KBGeRo+mlBEkMSeSZ38Nw=="
        },
        "node_modules/utf-8-validate": {
            "version": "6.0.3",
            "resolved": "https://artifactory.devops.xiaohongshu.com/artifactory/api/npm/npm-public/utf-8-validate/download/utf-8-validate-6.0.3.tgz",
            "integrity": "sha1-fYyTbYVOhrJNHWVfE47ifSY213c=",
            "hasInstallScript": true,
            "dependencies": {
                "node-gyp-build": "^4.3.0"
            },
            "engines": {
                "node": ">=6.14.2"
            }
        },
        "node_modules/ws": {
            "version": "8.14.2",
            "resolved": "https://artifactory.devops.xiaohongshu.com/artifactory/api/npm/npm-public/ws/download/ws-8.14.2.tgz",
            "integrity": "sha1-bCSagG6y23og0m1R53Ceq3subH8=",
            "engines": {
                "node": ">=10.0.0"
            },
            "peerDependencies": {
                "bufferutil": "^4.0.1",
                "utf-8-validate": ">=5.0.2"
            },
            "peerDependenciesMeta": {
                "bufferutil": {
                    "optional": true
                },
                "utf-8-validate": {
                    "optional": true
                }
            }
        },
        "node_modules/xtend": {
            "version": "4.0.2",
            "resolved": "https://artifactory.devops.xiaohongshu.com/artifactory/api/npm/npm-public/xtend/download/xtend-4.0.2.tgz",
            "integrity": "sha1-u3J3n1+kZRhrH0OPZ0+jR/2121Q=",
            "engines": {
                "node": ">=0.4"
            }
        }
    }
}
